{
  "originHash" : "8705a18863ac6edbbda89e2c5efa2b36cde547e2cd8829e6e69ade4c95624313",
  "pins" : [
    {
      "identity" : "nwwebsocket",
      "kind" : "remoteSourceControl",
      "location" : "git@github.com:pusher/NWWebSocket.git",
      "state" : {
        "revision" : "da32dcf230d9b627a9ef9d79b83605d12b3fbcbd",
        "version" : "0.5.7"
      }
    },
    {
      "identity" : "opencv-spm",
      "kind" : "remoteSourceControl",
      "location" : "https://github.com/yeatse/opencv-spm.git",
      "state" : {
        "revision" : "141d91be1f53990b4f5d63e1373afba539a7914d",
        "version" : "4.12.0"
      }
    }
  ],
  "version" : 3
}
