// !$*UTF8*$!
{
	archiveVersion = 1;
	classes = {
	};
	objectVersion = 77;
	objects = {

/* Begin PBXBuildFile section */
		563C293E2ECEC8D800436EF6 /* OpenCV in Frameworks */ = {isa = PBXBuildFile; productRef = 563C293D2ECEC8D800436EF6 /* OpenCV */; };
		564870E32EE2E161002B8BDA /* NWWebSocket in Frameworks */ = {isa = PBXBuildFile; productRef = 564870E22EE2E161002B8BDA /* NWWebSocket */; };
/* End PBXBuildFile section */

/* Begin PBXContainerItemProxy section */
		563C290B2ECEC63700436EF6 /* PBXContainerItemProxy */ = {
			isa = PBXContainerItemProxy;
			containerPortal = 563C28F52ECEC63500436EF6 /* Project object */;
			proxyType = 1;
			remoteGlobalIDString = 563C28FC2ECEC63500436EF6;
			remoteInfo = "vision-processor";
		};
		563C29152ECEC63700436EF6 /* PBXContainerItemProxy */ = {
			isa = PBXContainerItemProxy;
			containerPortal = 563C28F52ECEC63500436EF6 /* Project object */;
			proxyType = 1;
			remoteGlobalIDString = 563C28FC2ECEC63500436EF6;
			remoteInfo = "vision-processor";
		};
/* End PBXContainerItemProxy section */

/* Begin PBXFileReference section */
		563C28FD2ECEC63500436EF6 /* vision-processor.app */ = {isa = PBXFileReference; explicitFileType = wrapper.application; includeInIndex = 0; path = "vision-processor.app"; sourceTree = BUILT_PRODUCTS_DIR; };
		563C290A2ECEC63700436EF6 /* vision-processorTests.xctest */ = {isa = PBXFileReference; explicitFileType = wrapper.cfbundle; includeInIndex = 0; path = "vision-processorTests.xctest"; sourceTree = BUILT_PRODUCTS_DIR; };
		563C29142ECEC63700436EF6 /* vision-processorUITests.xctest */ = {isa = PBXFileReference; explicitFileType = wrapper.cfbundle; includeInIndex = 0; path = "vision-processorUITests.xctest"; sourceTree = BUILT_PRODUCTS_DIR; };
/* End PBXFileReference section */

/* Begin PBXFileSystemSynchronizedRootGroup section */
		563C28FF2ECEC63500436EF6 /* vision-processor */ = {
			isa = PBXFileSystemSynchronizedRootGroup;
			path = "vision-processor";
			sourceTree = "<group>";
		};
		563C290D2ECEC63700436EF6 /* vision-processorTests */ = {
			isa = PBXFileSystemSynchronizedRootGroup;
			path = "vision-processorTests";
			sourceTree = "<group>";
		};
		563C29172ECEC63700436EF6 /* vision-processorUITests */ = {
			isa = PBXFileSystemSynchronizedRootGroup;
			path = "vision-processorUITests";
			sourceTree = "<group>";
		};
/* End PBXFileSystemSynchronizedRootGroup section */

/* Begin PBXFrameworksBuildPhase section */
		563C28FA2ECEC63500436EF6 /* Frameworks */ = {
			isa = PBXFrameworksBuildPhase;
			buildActionMask = 2147483647;
			files = (
				563C293E2ECEC8D800436EF6 /* OpenCV in Frameworks */,
				564870E32EE2E161002B8BDA /* NWWebSocket in Frameworks */,
			);
			runOnlyForDeploymentPostprocessing = 0;
		};
		563C29072ECEC63700436EF6 /* Frameworks */ = {
			isa = PBXFrameworksBuildPhase;
			buildActionMask = 2147483647;
			files = (
			);
			runOnlyForDeploymentPostprocessing = 0;
		};
		563C29112ECEC63700436EF6 /* Frameworks */ = {
			isa = PBXFrameworksBuildPhase;
			buildActionMask = 2147483647;
			files = (
			);
			runOnlyForDeploymentPostprocessing = 0;
		};
/* End PBXFrameworksBuildPhase section */

/* Begin PBXGroup section */
		563C28F42ECEC63500436EF6 = {
			isa = PBXGroup;
			children = (
				563C28FF2ECEC63500436EF6 /* vision-processor */,
				563C290D2ECEC63700436EF6 /* vision-processorTests */,
				563C29172ECEC63700436EF6 /* vision-processorUITests */,
				563C293C2ECEC8D800436EF6 /* Frameworks */,
				563C28FE2ECEC63500436EF6 /* Products */,
			);
			sourceTree = "<group>";
		};
		563C28FE2ECEC63500436EF6 /* Products */ = {
			isa = PBXGroup;
			children = (
				563C28FD2ECEC63500436EF6 /* vision-processor.app */,
				563C290A2ECEC63700436EF6 /* vision-processorTests.xctest */,
				563C29142ECEC63700436EF6 /* vision-processorUITests.xctest */,
			);
			name = Products;
			sourceTree = "<group>";
		};
		563C293C2ECEC8D800436EF6 /* Frameworks */ = {
			isa = PBXGroup;
			children = (
			);
			name = Frameworks;
			sourceTree = "<group>";
		};
/* End PBXGroup section */

/* Begin PBXNativeTarget section */
		563C28FC2ECEC63500436EF6 /* vision-processor */ = {
			isa = PBXNativeTarget;
			buildConfigurationList = 563C291E2ECEC63700436EF6 /* Build configuration list for PBXNativeTarget "vision-processor" */;
			buildPhases = (
				563C28F92ECEC63500436EF6 /* Sources */,
				563C28FA2ECEC63500436EF6 /* Frameworks */,
				563C28FB2ECEC63500436EF6 /* Resources */,
			);
			buildRules = (
			);
			dependencies = (
			);
			fileSystemSynchronizedGroups = (
				563C28FF2ECEC63500436EF6 /* vision-processor */,
			);
			name = "vision-processor";
			packageProductDependencies = (
				563C293D2ECEC8D800436EF6 /* OpenCV */,
				564870E22EE2E161002B8BDA /* NWWebSocket */,
			);
			productName = "vision-processor";
			productReference = 563C28FD2ECEC63500436EF6 /* vision-processor.app */;
			productType = "com.apple.product-type.application";
		};
		563C29092ECEC63700436EF6 /* vision-processorTests */ = {
			isa = PBXNativeTarget;
			buildConfigurationList = 563C29212ECEC63700436EF6 /* Build configuration list for PBXNativeTarget "vision-processorTests" */;
			buildPhases = (
				563C29062ECEC63700436EF6 /* Sources */,
				563C29072ECEC63700436EF6 /* Frameworks */,
				563C29082ECEC63700436EF6 /* Resources */,
			);
			buildRules = (
			);
			dependencies = (
				563C290C2ECEC63700436EF6 /* PBXTargetDependency */,
			);
			fileSystemSynchronizedGroups = (
				563C290D2ECEC63700436EF6 /* vision-processorTests */,
			);
			name = "vision-processorTests";
			packageProductDependencies = (
			);
			productName = "vision-processorTests";
			productReference = 563C290A2ECEC63700436EF6 /* vision-processorTests.xctest */;
			productType = "com.apple.product-type.bundle.unit-test";
		};
		563C29132ECEC63700436EF6 /* vision-processorUITests */ = {
			isa = PBXNativeTarget;
			buildConfigurationList = 563C29242ECEC63700436EF6 /* Build configuration list for PBXNativeTarget "vision-processorUITests" */;
			buildPhases = (
				563C29102ECEC63700436EF6 /* Sources */,
				563C29112ECEC63700436EF6 /* Frameworks */,
				563C29122ECEC63700436EF6 /* Resources */,
			);
			buildRules = (
			);
			dependencies = (
				563C29162ECEC63700436EF6 /* PBXTargetDependency */,
			);
			fileSystemSynchronizedGroups = (
				563C29172ECEC63700436EF6 /* vision-processorUITests */,
			);
			name = "vision-processorUITests";
			packageProductDependencies = (
			);
			productName = "vision-processorUITests";
			productReference = 563C29142ECEC63700436EF6 /* vision-processorUITests.xctest */;
			productType = "com.apple.product-type.bundle.ui-testing";
		};
/* End PBXNativeTarget section */

/* Begin PBXProject section */
		563C28F52ECEC63500436EF6 /* Project object */ = {
			isa = PBXProject;
			attributes = {
				BuildIndependentTargetsInParallel = 1;
				LastSwiftUpdateCheck = 2610;
				LastUpgradeCheck = 2610;
				TargetAttributes = {
					563C28FC2ECEC63500436EF6 = {
						CreatedOnToolsVersion = 26.1;
					};
					563C29092ECEC63700436EF6 = {
						CreatedOnToolsVersion = 26.1;
						TestTargetID = 563C28FC2ECEC63500436EF6;
					};
					563C29132ECEC63700436EF6 = {
						CreatedOnToolsVersion = 26.1;
						TestTargetID = 563C28FC2ECEC63500436EF6;
					};
				};
			};
			buildConfigurationList = 563C28F82ECEC63500436EF6 /* Build configuration list for PBXProject "vision-processor" */;
			developmentRegion = en;
			hasScannedForEncodings = 0;
			knownRegions = (
				en,
				Base,
			);
			mainGroup = 563C28F42ECEC63500436EF6;
			minimizedProjectReferenceProxies = 1;
			packageReferences = (
				563C29362ECEC7CE00436EF6 /* XCRemoteSwiftPackageReference "opencv-spm" */,
				564870E12EE2E156002B8BDA /* XCRemoteSwiftPackageReference "NWWebSocket" */,
			);
			preferredProjectObjectVersion = 77;
			productRefGroup = 563C28FE2ECEC63500436EF6 /* Products */;
			projectDirPath = "";
			projectRoot = "";
			targets = (
				563C28FC2ECEC63500436EF6 /* vision-processor */,
				563C29092ECEC63700436EF6 /* vision-processorTests */,
				563C29132ECEC63700436EF6 /* vision-processorUITests */,
			);
		};
/* End PBXProject section */

/* Begin PBXResourcesBuildPhase section */
		563C28FB2ECEC63500436EF6 /* Resources */ = {
			isa = PBXResourcesBuildPhase;
			buildActionMask = 2147483647;
			files = (
			);
			runOnlyForDeploymentPostprocessing = 0;
		};
		563C29082ECEC63700436EF6 /* Resources */ = {
			isa = PBXResourcesBuildPhase;
			buildActionMask = 2147483647;
			files = (
			);
			runOnlyForDeploymentPostprocessing = 0;
		};
		563C29122ECEC63700436EF6 /* Resources */ = {
			isa = PBXResourcesBuildPhase;
			buildActionMask = 2147483647;
			files = (
			);
			runOnlyForDeploymentPostprocessing = 0;
		};
/* End PBXResourcesBuildPhase section */

/* Begin PBXSourcesBuildPhase section */
		563C28F92ECEC63500436EF6 /* Sources */ = {
			isa = PBXSourcesBuildPhase;
			buildActionMask = 2147483647;
			files = (
			);
			runOnlyForDeploymentPostprocessing = 0;
		};
		563C29062ECEC63700436EF6 /* Sources */ = {
			isa = PBXSourcesBuildPhase;
			buildActionMask = 2147483647;
			files = (
			);
			runOnlyForDeploymentPostprocessing = 0;
		};
		563C29102ECEC63700436EF6 /* Sources */ = {
			isa = PBXSourcesBuildPhase;
			buildActionMask = 2147483647;
			files = (
			);
			runOnlyForDeploymentPostprocessing = 0;
		};
/* End PBXSourcesBuildPhase section */

/* Begin PBXTargetDependency section */
		563C290C2ECEC63700436EF6 /* PBXTargetDependency */ = {
			isa = PBXTargetDependency;
			target = 563C28FC2ECEC63500436EF6 /* vision-processor */;
			targetProxy = 563C290B2ECEC63700436EF6 /* PBXContainerItemProxy */;
		};
		563C29162ECEC63700436EF6 /* PBXTargetDependency */ = {
			isa = PBXTargetDependency;
			target = 563C28FC2ECEC63500436EF6 /* vision-processor */;
			targetProxy = 563C29152ECEC63700436EF6 /* PBXContainerItemProxy */;
		};
/* End PBXTargetDependency section */

/* Begin XCBuildConfiguration section */
		563C291C2ECEC63700436EF6 /* Debug */ = {
			isa = XCBuildConfiguration;
			buildSettings = {
				ALWAYS_SEARCH_USER_PATHS = NO;
				ASSETCATALOG_COMPILER_GENERATE_SWIFT_ASSET_SYMBOL_EXTENSIONS = YES;
				CLANG_ANALYZER_NONNULL = YES;
				CLANG_ANALYZER_NUMBER_OBJECT_CONVERSION = YES_AGGRESSIVE;
				CLANG_CXX_LANGUAGE_STANDARD = "gnu++20";
				CLANG_ENABLE_MODULES = YES;
				CLANG_ENABLE_OBJC_ARC = YES;
				CLANG_ENABLE_OBJC_WEAK = YES;
				CLANG_WARN_BLOCK_CAPTURE_AUTORELEASING = YES;
				CLANG_WARN_BOOL_CONVERSION = YES;
				CLANG_WARN_COMMA = YES;
				CLANG_WARN_CONSTANT_CONVERSION = YES;
				CLANG_WARN_DEPRECATED_OBJC_IMPLEMENTATIONS = YES;
				CLANG_WARN_DIRECT_OBJC_ISA_USAGE = YES_ERROR;
				CLANG_WARN_DOCUMENTATION_COMMENTS = YES;
				CLANG_WARN_EMPTY_BODY = YES;
				CLANG_WARN_ENUM_CONVERSION = YES;
				CLANG_WARN_INFINITE_RECURSION = YES;
				CLANG_WARN_INT_CONVERSION = YES;
				CLANG_WARN_NON_LITERAL_NULL_CONVERSION = YES;
				CLANG_WARN_OBJC_IMPLICIT_RETAIN_SELF = YES;
				CLANG_WARN_OBJC_LITERAL_CONVERSION = YES;
				CLANG_WARN_OBJC_ROOT_CLASS = YES_ERROR;
				CLANG_WARN_QUOTED_INCLUDE_IN_FRAMEWORK_HEADER = YES;
				CLANG_WARN_RANGE_LOOP_ANALYSIS = YES;
				CLANG_WARN_STRICT_PROTOTYPES = YES;
				CLANG_WARN_SUSPICIOUS_MOVE = YES;
				CLANG_WARN_UNGUARDED_AVAILABILITY = YES_AGGRESSIVE;
				CLANG_WARN_UNREACHABLE_CODE = YES;
				CLANG_WARN__DUPLICATE_METHOD_MATCH = YES;
				COPY_PHASE_STRIP = NO;
				DEBUG_INFORMATION_FORMAT = dwarf;
				DEVELOPMENT_TEAM = T252VXU6GJ;
				ENABLE_STRICT_OBJC_MSGSEND = YES;
				ENABLE_TESTABILITY = YES;
				ENABLE_USER_SCRIPT_SANDBOXING = YES;
				GCC_C_LANGUAGE_STANDARD = gnu17;
				GCC_DYNAMIC_NO_PIC = NO;
				GCC_NO_COMMON_BLOCKS = YES;
				GCC_OPTIMIZATION_LEVEL = 0;
				GCC_PREPROCESSOR_DEFINITIONS = (
					"DEBUG=1",
					"$(inherited)",
				);
				GCC_WARN_64_TO_32_BIT_CONVERSION = YES;
				GCC_WARN_ABOUT_RETURN_TYPE = YES_ERROR;
				GCC_WARN_UNDECLARED_SELECTOR = YES;
				GCC_WARN_UNINITIALIZED_AUTOS = YES_AGGRESSIVE;
				GCC_WARN_UNUSED_FUNCTION = YES;
				GCC_WARN_UNUSED_VARIABLE = YES;
				IPHONEOS_DEPLOYMENT_TARGET = 26.1;
				LOCALIZATION_PREFERS_STRING_CATALOGS = YES;
				MTL_ENABLE_DEBUG_INFO = INCLUDE_SOURCE;
				MTL_FAST_MATH = YES;
				ONLY_ACTIVE_ARCH = YES;
				SDKROOT = iphoneos;
				SWIFT_ACTIVE_COMPILATION_CONDITIONS = "DEBUG $(inherited)";
				SWIFT_OPTIMIZATION_LEVEL = "-Onone";
			};
			name = Debug;
		};
		563C291D2ECEC63700436EF6 /* Release */ = {
			isa = XCBuildConfiguration;
			buildSettings = {
				ALWAYS_SEARCH_USER_PATHS = NO;
				ASSETCATALOG_COMPILER_GENERATE_SWIFT_ASSET_SYMBOL_EXTENSIONS = YES;
				CLANG_ANALYZER_NONNULL = YES;
				CLANG_ANALYZER_NUMBER_OBJECT_CONVERSION = YES_AGGRESSIVE;
				CLANG_CXX_LANGUAGE_STANDARD = "gnu++20";
				CLANG_ENABLE_MODULES = YES;
				CLANG_ENABLE_OBJC_ARC = YES;
				CLANG_ENABLE_OBJC_WEAK = YES;
				CLANG_WARN_BLOCK_CAPTURE_AUTORELEASING = YES;
				CLANG_WARN_BOOL_CONVERSION = YES;
				CLANG_WARN_COMMA = YES;
				CLANG_WARN_CONSTANT_CONVERSION = YES;
				CLANG_WARN_DEPRECATED_OBJC_IMPLEMENTATIONS = YES;
				CLANG_WARN_DIRECT_OBJC_ISA_USAGE = YES_ERROR;
				CLANG_WARN_DOCUMENTATION_COMMENTS = YES;
				CLANG_WARN_EMPTY_BODY = YES;
				CLANG_WARN_ENUM_CONVERSION = YES;
				CLANG_WARN_INFINITE_RECURSION = YES;
				CLANG_WARN_INT_CONVERSION = YES;
				CLANG_WARN_NON_LITERAL_NULL_CONVERSION = YES;
				CLANG_WARN_OBJC_IMPLICIT_RETAIN_SELF = YES;
				CLANG_WARN_OBJC_LITERAL_CONVERSION = YES;
				CLANG_WARN_OBJC_ROOT_CLASS = YES_ERROR;
				CLANG_WARN_QUOTED_INCLUDE_IN_FRAMEWORK_HEADER = YES;
				CLANG_WARN_RANGE_LOOP_ANALYSIS = YES;
				CLANG_WARN_STRICT_PROTOTYPES = YES;
				CLANG_WARN_SUSPICIOUS_MOVE = YES;
				CLANG_WARN_UNGUARDED_AVAILABILITY = YES_AGGRESSIVE;
				CLANG_WARN_UNREACHABLE_CODE = YES;
				CLANG_WARN__DUPLICATE_METHOD_MATCH = YES;
				COPY_PHASE_STRIP = NO;
				DEBUG_INFORMATION_FORMAT = "dwarf-with-dsym";
				DEVELOPMENT_TEAM = T252VXU6GJ;
				ENABLE_NS_ASSERTIONS = NO;
				ENABLE_STRICT_OBJC_MSGSEND = YES;
				ENABLE_USER_SCRIPT_SANDBOXING = YES;
				GCC_C_LANGUAGE_STANDARD = gnu17;
				GCC_NO_COMMON_BLOCKS = YES;
				GCC_WARN_64_TO_32_BIT_CONVERSION = YES;
				GCC_WARN_ABOUT_RETURN_TYPE = YES_ERROR;
				GCC_WARN_UNDECLARED_SELECTOR = YES;
				GCC_WARN_UNINITIALIZED_AUTOS = YES_AGGRESSIVE;
				GCC_WARN_UNUSED_FUNCTION = YES;
				GCC_WARN_UNUSED_VARIABLE = YES;
				IPHONEOS_DEPLOYMENT_TARGET = 26.1;
				LOCALIZATION_PREFERS_STRING_CATALOGS = YES;
				MTL_ENABLE_DEBUG_INFO = NO;
				MTL_FAST_MATH = YES;
				SDKROOT = iphoneos;
				SWIFT_COMPILATION_MODE = wholemodule;
				VALIDATE_PRODUCT = YES;
			};
			name = Release;
		};
		563C291F2ECEC63700436EF6 /* Debug */ = {
			isa = XCBuildConfiguration;
			buildSettings = {
				ASSETCATALOG_COMPILER_APPICON_NAME = AppIcon;
				ASSETCATALOG_COMPILER_GLOBAL_ACCENT_COLOR_NAME = AccentColor;
				CODE_SIGN_STYLE = Automatic;
				CURRENT_PROJECT_VERSION = 1;
				DEVELOPMENT_TEAM = T252VXU6GJ;
				ENABLE_PREVIEWS = YES;
				GENERATE_INFOPLIST_FILE = YES;
				INFOPLIST_KEY_CFBundleDisplayName = "Connect 4 CV";
				INFOPLIST_KEY_NSCameraUsageDescription = "used for capturing images for automated vision processing";
				INFOPLIST_KEY_NSLocalNetworkUsageDescription = "used to connect to the robot server for communicating cv results";
				INFOPLIST_KEY_UIApplicationSceneManifest_Generation = YES;
				INFOPLIST_KEY_UIApplicationSupportsIndirectInputEvents = YES;
				INFOPLIST_KEY_UILaunchScreen_Generation = YES;
				INFOPLIST_KEY_UISupportedInterfaceOrientations = UIInterfaceOrientationPortrait;
				INFOPLIST_KEY_UISupportedInterfaceOrientations_iPad = "UIInterfaceOrientationLandscapeLeft UIInterfaceOrientationLandscapeRight UIInterfaceOrientationPortrait UIInterfaceOrientationPortraitUpsideDown";
				IPHONEOS_DEPLOYMENT_TARGET = 26.0;
				LD_RUNPATH_SEARCH_PATHS = (
					"$(inherited)",
					"@executable_path/Frameworks",
				);
				MARKETING_VERSION = 1.0;
				PRODUCT_BUNDLE_IDENTIFIER = "com.fizzyapple12.vision-processor";
				PRODUCT_NAME = "$(TARGET_NAME)";
				STRING_CATALOG_GENERATE_SYMBOLS = YES;
				SUPPORTED_PLATFORMS = "iphoneos iphonesimulator";
				SUPPORTS_MACCATALYST = NO;
				SUPPORTS_MAC_DESIGNED_FOR_IPHONE_IPAD = NO;
				SUPPORTS_XR_DESIGNED_FOR_IPHONE_IPAD = NO;
				SWIFT_APPROACHABLE_CONCURRENCY = YES;
				SWIFT_DEFAULT_ACTOR_ISOLATION = MainActor;
				SWIFT_EMIT_LOC_STRINGS = YES;
				SWIFT_UPCOMING_FEATURE_MEMBER_IMPORT_VISIBILITY = YES;
				SWIFT_VERSION = 5.0;
				TARGETED_DEVICE_FAMILY = 1;
			};
			name = Debug;
		};
		563C29202ECEC63700436EF6 /* Release */ = {
			isa = XCBuildConfiguration;
			buildSettings = {
				ASSETCATALOG_COMPILER_APPICON_NAME = AppIcon;
				ASSETCATALOG_COMPILER_GLOBAL_ACCENT_COLOR_NAME = AccentColor;
				CODE_SIGN_STYLE = Automatic;
				CURRENT_PROJECT_VERSION = 1;
				DEVELOPMENT_TEAM = T252VXU6GJ;
				ENABLE_PREVIEWS = YES;
				GENERATE_INFOPLIST_FILE = YES;
				INFOPLIST_KEY_CFBundleDisplayName = "Connect 4 CV";
				INFOPLIST_KEY_NSCameraUsageDescription = "used for capturing images for automated vision processing";
				INFOPLIST_KEY_NSLocalNetworkUsageDescription = "used to connect to the robot server for communicating cv results";
				INFOPLIST_KEY_UIApplicationSceneManifest_Generation = YES;
				INFOPLIST_KEY_UIApplicationSupportsIndirectInputEvents = YES;
				INFOPLIST_KEY_UILaunchScreen_Generation = YES;
				INFOPLIST_KEY_UISupportedInterfaceOrientations = UIInterfaceOrientationPortrait;
				INFOPLIST_KEY_UISupportedInterfaceOrientations_iPad = "UIInterfaceOrientationLandscapeLeft UIInterfaceOrientationLandscapeRight UIInterfaceOrientationPortrait UIInterfaceOrientationPortraitUpsideDown";
				IPHONEOS_DEPLOYMENT_TARGET = 26.0;
				LD_RUNPATH_SEARCH_PATHS = (
					"$(inherited)",
					"@executable_path/Frameworks",
				);
				MARKETING_VERSION = 1.0;
				PRODUCT_BUNDLE_IDENTIFIER = "com.fizzyapple12.vision-processor";
				PRODUCT_NAME = "$(TARGET_NAME)";
				STRING_CATALOG_GENERATE_SYMBOLS = YES;
				SUPPORTED_PLATFORMS = "iphoneos iphonesimulator";
				SUPPORTS_MACCATALYST = NO;
				SUPPORTS_MAC_DESIGNED_FOR_IPHONE_IPAD = NO;
				SUPPORTS_XR_DESIGNED_FOR_IPHONE_IPAD = NO;
				SWIFT_APPROACHABLE_CONCURRENCY = YES;
				SWIFT_DEFAULT_ACTOR_ISOLATION = MainActor;
				SWIFT_EMIT_LOC_STRINGS = YES;
				SWIFT_UPCOMING_FEATURE_MEMBER_IMPORT_VISIBILITY = YES;
				SWIFT_VERSION = 5.0;
				TARGETED_DEVICE_FAMILY = 1;
			};
			name = Release;
		};
		563C29222ECEC63700436EF6 /* Debug */ = {
			isa = XCBuildConfiguration;
			buildSettings = {
				BUNDLE_LOADER = "$(TEST_HOST)";
				CODE_SIGN_STYLE = Automatic;
				CURRENT_PROJECT_VERSION = 1;
				DEVELOPMENT_TEAM = T252VXU6GJ;
				GENERATE_INFOPLIST_FILE = YES;
				IPHONEOS_DEPLOYMENT_TARGET = 26.0;
				MARKETING_VERSION = 1.0;
				PRODUCT_BUNDLE_IDENTIFIER = "com.fizzyapple12.vision-processorTests";
				PRODUCT_NAME = "$(TARGET_NAME)";
				STRING_CATALOG_GENERATE_SYMBOLS = NO;
				SUPPORTED_PLATFORMS = "iphoneos iphonesimulator";
				SUPPORTS_MACCATALYST = NO;
				SUPPORTS_MAC_DESIGNED_FOR_IPHONE_IPAD = NO;
				SUPPORTS_XR_DESIGNED_FOR_IPHONE_IPAD = NO;
				SWIFT_APPROACHABLE_CONCURRENCY = YES;
				SWIFT_EMIT_LOC_STRINGS = NO;
				SWIFT_UPCOMING_FEATURE_MEMBER_IMPORT_VISIBILITY = YES;
				SWIFT_VERSION = 5.0;
				TARGETED_DEVICE_FAMILY = 1;
				TEST_HOST = "$(BUILT_PRODUCTS_DIR)/vision-processor.app/$(BUNDLE_EXECUTABLE_FOLDER_PATH)/vision-processor";
			};
			name = Debug;
		};
		563C29232ECEC63700436EF6 /* Release */ = {
			isa = XCBuildConfiguration;
			buildSettings = {
				BUNDLE_LOADER = "$(TEST_HOST)";
				CODE_SIGN_STYLE = Automatic;
				CURRENT_PROJECT_VERSION = 1;
				DEVELOPMENT_TEAM = T252VXU6GJ;
				GENERATE_INFOPLIST_FILE = YES;
				IPHONEOS_DEPLOYMENT_TARGET = 26.0;
				MARKETING_VERSION = 1.0;
				PRODUCT_BUNDLE_IDENTIFIER = "com.fizzyapple12.vision-processorTests";
				PRODUCT_NAME = "$(TARGET_NAME)";
				STRING_CATALOG_GENERATE_SYMBOLS = NO;
				SUPPORTED_PLATFORMS = "iphoneos iphonesimulator";
				SUPPORTS_MACCATALYST = NO;
				SUPPORTS_MAC_DESIGNED_FOR_IPHONE_IPAD = NO;
				SUPPORTS_XR_DESIGNED_FOR_IPHONE_IPAD = NO;
				SWIFT_APPROACHABLE_CONCURRENCY = YES;
				SWIFT_EMIT_LOC_STRINGS = NO;
				SWIFT_UPCOMING_FEATURE_MEMBER_IMPORT_VISIBILITY = YES;
				SWIFT_VERSION = 5.0;
				TARGETED_DEVICE_FAMILY = 1;
				TEST_HOST = "$(BUILT_PRODUCTS_DIR)/vision-processor.app/$(BUNDLE_EXECUTABLE_FOLDER_PATH)/vision-processor";
			};
			name = Release;
		};
		563C29252ECEC63700436EF6 /* Debug */ = {
			isa = XCBuildConfiguration;
			buildSettings = {
				CODE_SIGN_STYLE = Automatic;
				CURRENT_PROJECT_VERSION = 1;
				DEVELOPMENT_TEAM = T252VXU6GJ;
				GENERATE_INFOPLIST_FILE = YES;
				IPHONEOS_DEPLOYMENT_TARGET = 26.0;
				MARKETING_VERSION = 1.0;
				PRODUCT_BUNDLE_IDENTIFIER = "com.fizzyapple12.vision-processorUITests";
				PRODUCT_NAME = "$(TARGET_NAME)";
				STRING_CATALOG_GENERATE_SYMBOLS = NO;
				SUPPORTED_PLATFORMS = "iphoneos iphonesimulator";
				SUPPORTS_MACCATALYST = NO;
				SUPPORTS_MAC_DESIGNED_FOR_IPHONE_IPAD = NO;
				SUPPORTS_XR_DESIGNED_FOR_IPHONE_IPAD = NO;
				SWIFT_APPROACHABLE_CONCURRENCY = YES;
				SWIFT_EMIT_LOC_STRINGS = NO;
				SWIFT_UPCOMING_FEATURE_MEMBER_IMPORT_VISIBILITY = YES;
				SWIFT_VERSION = 5.0;
				TARGETED_DEVICE_FAMILY = 1;
				TEST_TARGET_NAME = "vision-processor";
			};
			name = Debug;
		};
		563C29262ECEC63700436EF6 /* Release */ = {
			isa = XCBuildConfiguration;
			buildSettings = {
				CODE_SIGN_STYLE = Automatic;
				CURRENT_PROJECT_VERSION = 1;
				DEVELOPMENT_TEAM = T252VXU6GJ;
				GENERATE_INFOPLIST_FILE = YES;
				IPHONEOS_DEPLOYMENT_TARGET = 26.0;
				MARKETING_VERSION = 1.0;
				PRODUCT_BUNDLE_IDENTIFIER = "com.fizzyapple12.vision-processorUITests";
				PRODUCT_NAME = "$(TARGET_NAME)";
				STRING_CATALOG_GENERATE_SYMBOLS = NO;
				SUPPORTED_PLATFORMS = "iphoneos iphonesimulator";
				SUPPORTS_MACCATALYST = NO;
				SUPPORTS_MAC_DESIGNED_FOR_IPHONE_IPAD = NO;
				SUPPORTS_XR_DESIGNED_FOR_IPHONE_IPAD = NO;
				SWIFT_APPROACHABLE_CONCURRENCY = YES;
				SWIFT_EMIT_LOC_STRINGS = NO;
				SWIFT_UPCOMING_FEATURE_MEMBER_IMPORT_VISIBILITY = YES;
				SWIFT_VERSION = 5.0;
				TARGETED_DEVICE_FAMILY = 1;
				TEST_TARGET_NAME = "vision-processor";
			};
			name = Release;
		};
/* End XCBuildConfiguration section */

/* Begin XCConfigurationList section */
		563C28F82ECEC63500436EF6 /* Build configuration list for PBXProject "vision-processor" */ = {
			isa = XCConfigurationList;
			buildConfigurations = (
				563C291C2ECEC63700436EF6 /* Debug */,
				563C291D2ECEC63700436EF6 /* Release */,
			);
			defaultConfigurationIsVisible = 0;
			defaultConfigurationName = Release;
		};
		563C291E2ECEC63700436EF6 /* Build configuration list for PBXNativeTarget "vision-processor" */ = {
			isa = XCConfigurationList;
			buildConfigurations = (
				563C291F2ECEC63700436EF6 /* Debug */,
				563C29202ECEC63700436EF6 /* Release */,
			);
			defaultConfigurationIsVisible = 0;
			defaultConfigurationName = Release;
		};
		563C29212ECEC63700436EF6 /* Build configuration list for PBXNativeTarget "vision-processorTests" */ = {
			isa = XCConfigurationList;
			buildConfigurations = (
				563C29222ECEC63700436EF6 /* Debug */,
				563C29232ECEC63700436EF6 /* Release */,
			);
			defaultConfigurationIsVisible = 0;
			defaultConfigurationName = Release;
		};
		563C29242ECEC63700436EF6 /* Build configuration list for PBXNativeTarget "vision-processorUITests" */ = {
			isa = XCConfigurationList;
			buildConfigurations = (
				563C29252ECEC63700436EF6 /* Debug */,
				563C29262ECEC63700436EF6 /* Release */,
			);
			defaultConfigurationIsVisible = 0;
			defaultConfigurationName = Release;
		};
/* End XCConfigurationList section */

/* Begin XCRemoteSwiftPackageReference section */
		563C29362ECEC7CE00436EF6 /* XCRemoteSwiftPackageReference "opencv-spm" */ = {
			isa = XCRemoteSwiftPackageReference;
			repositoryURL = "https://github.com/yeatse/opencv-spm.git";
			requirement = {
				kind = upToNextMajorVersion;
				minimumVersion = 4.12.0;
			};
		};
		564870E12EE2E156002B8BDA /* XCRemoteSwiftPackageReference "NWWebSocket" */ = {
			isa = XCRemoteSwiftPackageReference;
			repositoryURL = "git@github.com:pusher/NWWebSocket.git";
			requirement = {
				kind = upToNextMajorVersion;
				minimumVersion = 0.5.7;
			};
		};
/* End XCRemoteSwiftPackageReference section */

/* Begin XCSwiftPackageProductDependency section */
		563C293D2ECEC8D800436EF6 /* OpenCV */ = {
			isa = XCSwiftPackageProductDependency;
			package = 563C29362ECEC7CE00436EF6 /* XCRemoteSwiftPackageReference "opencv-spm" */;
			productName = OpenCV;
		};
		564870E22EE2E161002B8BDA /* NWWebSocket */ = {
			isa = XCSwiftPackageProductDependency;
			package = 564870E12EE2E156002B8BDA /* XCRemoteSwiftPackageReference "NWWebSocket" */;
			productName = NWWebSocket;
		};
/* End XCSwiftPackageProductDependency section */
	};
	rootObject = 563C28F52ECEC63500436EF6 /* Project object */;
}
